
Microsoft Visual Studio Solution File, Format Version 12.00
# Visual Studio Version 17
VisualStudioVersion = 17.14.36202.13
MinimumVisualStudioVersion = 10.0.40219.1
Project("{FAE04EC0-301F-11D3-BF4B-00C04F79EFBC}") = "01_Demo_WebApplication", "01_Demo_WebApplication\01_Demo_WebApplication.csproj", "{12225969-3FE6-41D2-9295-CD0F47CEC189}"
EndProject
Project("{FAE04EC0-301F-11D3-BF4B-00C04F79EFBC}") = "02_DemoEmptyTemplate", "02_DemoEmptyTemplate\02_DemoEmptyTemplate.csproj", "{94C6884C-3D07-4BF1-9C4C-ACC4F18D0669}"
EndProject
Project("{FAE04EC0-301F-11D3-BF4B-00C04F79EFBC}") = "03_DemoBasicMVC", "03_DemoBasicMVC\03_DemoBasicMVC.csproj", "{727EF162-B3FA-47A6-B054-583FDE09FF1F}"
EndProject
Project("{FAE04EC0-301F-11D3-BF4B-00C04F79EFBC}") = "prax1", "prax1\prax1.csproj", "{8882AA18-3C57-4605-BF7F-C1E535FDE813}"
EndProject
Project("{FAE04EC0-301F-11D3-BF4B-00C04F79EFBC}") = "04_DemoConventialRouting", "04_DemoConventialRouting\04_DemoConventialRouting.csproj", "{6FF6691D-C44B-4944-984C-A04AEA855685}"
EndProject
Project("{FAE04EC0-301F-11D3-BF4B-00C04F79EFBC}") = "05_DemoAttributeBasedRouting", "05_DemoAttributeBasedRouting\05_DemoAttributeBasedRouting.csproj", "{2E6A53A1-FD92-4E67-873A-94426DCFFB32}"
EndProject
Project("{FAE04EC0-301F-11D3-BF4B-00C04F79EFBC}") = "06_DemoReturnTypesOfActionMethod", "06_DemoReturnTypesOfActionMethod\06_DemoReturnTypesOfActionMethod.csproj", "{E6C1184D-7F8D-453B-9668-A8DCD3B1EDF2}"
EndProject
Project("{FAE04EC0-301F-11D3-BF4B-00C04F79EFBC}") = "07_DemoViewBag_ViewData_TempData", "07_DemoViewBag_ViewData_TempData\07_DemoViewBag_ViewData_TempData.csproj", "{7E8B62F1-C3EF-4A30-BD30-E17D51C6D580}"
EndProject
Global
	GlobalSection(SolutionConfigurationPlatforms) = preSolution
		Debug|Any CPU = Debug|Any CPU
		Release|Any CPU = Release|Any CPU
	EndGlobalSection
	GlobalSection(ProjectConfigurationPlatforms) = postSolution
		{12225969-3FE6-41D2-9295-CD0F47CEC189}.Debug|Any CPU.ActiveCfg = Debug|Any CPU
		{12225969-3FE6-41D2-9295-CD0F47CEC189}.Debug|Any CPU.Build.0 = Debug|Any CPU
		{12225969-3FE6-41D2-9295-CD0F47CEC189}.Release|Any CPU.ActiveCfg = Release|Any CPU
		{12225969-3FE6-41D2-9295-CD0F47CEC189}.Release|Any CPU.Build.0 = Release|Any CPU
		{94C6884C-3D07-4BF1-9C4C-ACC4F18D0669}.Debug|Any CPU.ActiveCfg = Debug|Any CPU
		{94C6884C-3D07-4BF1-9C4C-ACC4F18D0669}.Debug|Any CPU.Build.0 = Debug|Any CPU
		{94C6884C-3D07-4BF1-9C4C-ACC4F18D0669}.Release|Any CPU.ActiveCfg = Release|Any CPU
		{94C6884C-3D07-4BF1-9C4C-ACC4F18D0669}.Release|Any CPU.Build.0 = Release|Any CPU
		{727EF162-B3FA-47A6-B054-583FDE09FF1F}.Debug|Any CPU.ActiveCfg = Debug|Any CPU
		{727EF162-B3FA-47A6-B054-583FDE09FF1F}.Debug|Any CPU.Build.0 = Debug|Any CPU
		{727EF162-B3FA-47A6-B054-583FDE09FF1F}.Release|Any CPU.ActiveCfg = Release|Any CPU
		{727EF162-B3FA-47A6-B054-583FDE09FF1F}.Release|Any CPU.Build.0 = Release|Any CPU
		{8882AA18-3C57-4605-BF7F-C1E535FDE813}.Debug|Any CPU.ActiveCfg = Debug|Any CPU
		{8882AA18-3C57-4605-BF7F-C1E535FDE813}.Debug|Any CPU.Build.0 = Debug|Any CPU
		{8882AA18-3C57-4605-BF7F-C1E535FDE813}.Release|Any CPU.ActiveCfg = Release|Any CPU
		{8882AA18-3C57-4605-BF7F-C1E535FDE813}.Release|Any CPU.Build.0 = Release|Any CPU
		{6FF6691D-C44B-4944-984C-A04AEA855685}.Debug|Any CPU.ActiveCfg = Debug|Any CPU
		{6FF6691D-C44B-4944-984C-A04AEA855685}.Debug|Any CPU.Build.0 = Debug|Any CPU
		{6FF6691D-C44B-4944-984C-A04AEA855685}.Release|Any CPU.ActiveCfg = Release|Any CPU
		{6FF6691D-C44B-4944-984C-A04AEA855685}.Release|Any CPU.Build.0 = Release|Any CPU
		{2E6A53A1-FD92-4E67-873A-94426DCFFB32}.Debug|Any CPU.ActiveCfg = Debug|Any CPU
		{2E6A53A1-FD92-4E67-873A-94426DCFFB32}.Debug|Any CPU.Build.0 = Debug|Any CPU
		{2E6A53A1-FD92-4E67-873A-94426DCFFB32}.Release|Any CPU.ActiveCfg = Release|Any CPU
		{2E6A53A1-FD92-4E67-873A-94426DCFFB32}.Release|Any CPU.Build.0 = Release|Any CPU
		{E6C1184D-7F8D-453B-9668-A8DCD3B1EDF2}.Debug|Any CPU.ActiveCfg = Debug|Any CPU
		{E6C1184D-7F8D-453B-9668-A8DCD3B1EDF2}.Debug|Any CPU.Build.0 = Debug|Any CPU
		{E6C1184D-7F8D-453B-9668-A8DCD3B1EDF2}.Release|Any CPU.ActiveCfg = Release|Any CPU
		{E6C1184D-7F8D-453B-9668-A8DCD3B1EDF2}.Release|Any CPU.Build.0 = Release|Any CPU
		{7E8B62F1-C3EF-4A30-BD30-E17D51C6D580}.Debug|Any CPU.ActiveCfg = Debug|Any CPU
		{7E8B62F1-C3EF-4A30-BD30-E17D51C6D580}.Debug|Any CPU.Build.0 = Debug|Any CPU
		{7E8B62F1-C3EF-4A30-BD30-E17D51C6D580}.Release|Any CPU.ActiveCfg = Release|Any CPU
		{7E8B62F1-C3EF-4A30-BD30-E17D51C6D580}.Release|Any CPU.Build.0 = Release|Any CPU
	EndGlobalSection
	GlobalSection(SolutionProperties) = preSolution
		HideSolutionNode = FALSE
	EndGlobalSection
	GlobalSection(ExtensibilityGlobals) = postSolution
		SolutionGuid = {FA32B1B3-6967-406A-979A-E343C737EE71}
	EndGlobalSection
EndGlobal
