
Microsoft Visual Studio Solution File, Format Version 12.00
# Visual Studio Version 17
VisualStudioVersion = 17.14.36202.13
MinimumVisualStudioVersion = 10.0.40219.1
Project("{FAE04EC0-301F-11D3-BF4B-00C04F79EFBC}") = "DotNetDay1", "DotNetDay1\DotNetDay1.csproj", "{388BFED6-86F1-477A-A71B-DCF595CF79E0}"
EndProject
Project("{FAE04EC0-301F-11D3-BF4B-00C04F79EFBC}") = "Demo_DataTypes", "StatementsAndLoops\Demo_DataTypes.csproj", "{4EB94443-22A5-4AB0-B311-F624536AA724}"
EndProject
Project("{FAE04EC0-301F-11D3-BF4B-00C04F79EFBC}") = "Demo_OOP_basics", "Demo_OOP_basics\Demo_OOP_basics.csproj", "{ED9BC3DD-91AC-45D0-A8BC-0E68FEB60F43}"
EndProject
Project("{FAE04EC0-301F-11D3-BF4B-00C04F79EFBC}") = "Demo_OOP_Basic", "Demo_OOP_Basic\Demo_OOP_Basic.csproj", "{1DA935F5-7CFB-4065-8A21-925023FAB7FE}"
EndProject
Project("{FAE04EC0-301F-11D3-BF4B-00C04F79EFBC}") = "Demo_OOP_Inheritance", "Demo_OOP_heritance\Demo_OOP_Inheritance.csproj", "{899976F9-A022-4A2E-A404-E190A44081D6}"
EndProject
Project("{FAE04EC0-301F-11D3-BF4B-00C04F79EFBC}") = "Demo_Inheritance", "Demo_Inheritance\Demo_Inheritance.csproj", "{B9A461B1-49D5-4DE3-8544-D5655A1B1030}"
EndProject
Project("{FAE04EC0-301F-11D3-BF4B-00C04F79EFBC}") = "Demo_OOP_interface", "Demo_OOP_Interface\Demo_OOP_interface.csproj", "{294E7574-E9E5-436F-8805-694018AACD8C}"
EndProject
Project("{FAE04EC0-301F-11D3-BF4B-00C04F79EFBC}") = "Demo_OOP_interface2", "Demo2_OOP_interface\Demo_OOP_interface2.csproj", "{B309EE6B-5243-4EA8-8228-1E0777EAF502}"
EndProject
Project("{FAE04EC0-301F-11D3-BF4B-00C04F79EFBC}") = "Demo_CMathlib", "Demo_CMathlib\Demo_CMathlib.csproj", "{5469AC15-B4A3-4F85-A75C-F5552E735BFA}"
EndProject
Project("{FAE04EC0-301F-11D3-BF4B-00C04F79EFBC}") = "CMath_Client", "CMath_Client\CMath_Client.csproj", "{1BB37BE7-BCEB-4B7C-9049-27A239B52957}"
EndProject
Project("{FAE04EC0-301F-11D3-BF4B-00C04F79EFBC}") = "Demo_Windows_Form", "Demo_Windows_Form\Demo_Windows_Form.csproj", "{3C7A0621-7871-4A8F-AF12-195B1CFF28FD}"
EndProject
Project("{FAE04EC0-301F-11D3-BF4B-00C04F79EFBC}") = "Demo_Delegates", "Demo_Delegates\Demo_Delegates.csproj", "{FD41FB2E-C54D-4909-B632-AE3F08F141D6}"
EndProject
Project("{FAE04EC0-301F-11D3-BF4B-00C04F79EFBC}") = "Demo_EventAndDelegate", "Demo_EventAndDelegate\Demo_EventAndDelegate.csproj", "{6AE7FF31-C71C-461B-B171-EC8B478B6244}"
EndProject
Project("{FAE04EC0-301F-11D3-BF4B-00C04F79EFBC}") = "Demo_MultiCast_Delegate", "Demo_MultiCast_Delegate\Demo_MultiCast_Delegate.csproj", "{42C70802-6D10-4911-ACAA-1FE162845560}"
EndProject
Project("{FAE04EC0-301F-11D3-BF4B-00C04F79EFBC}") = "Demo_Observer_Pattern", "Demo_Observer_Pattern\Demo_Observer_Pattern.csproj", "{AC66CE73-3D5A-4343-8F14-E646EC9B07D9}"
EndProject
Project("{FAE04EC0-301F-11D3-BF4B-00C04F79EFBC}") = "Demo_Collection", "Demo_Collection\Demo_Collection.csproj", "{630E773B-E5E3-44BD-B07E-A5DF24B94E10}"
EndProject
Project("{FAE04EC0-301F-11D3-BF4B-00C04F79EFBC}") = "Demo_Generic", "Demo_Generic\Demo_Generic.csproj", "{428CB417-00D9-4F87-94D7-15834429E66F}"
EndProject
Project("{FAE04EC0-301F-11D3-BF4B-00C04F79EFBC}") = "Demo_Generic_Collection", "Demo_Generic_Collection\Demo_Generic_Collection.csproj", "{78A96BEF-B7B7-4A75-870D-FDBCAB396B12}"
EndProject
Project("{FAE04EC0-301F-11D3-BF4B-00C04F79EFBC}") = "Demo_Generic_Delegate", "Demo_Generic_Delegate\Demo_Generic_Delegate.csproj", "{0E8464C7-4191-42DF-B8F5-94C41244C593}"
EndProject
Project("{FAE04EC0-301F-11D3-BF4B-00C04F79EFBC}") = "Demo_Report", "Demo_Report\Demo_Report.csproj", "{9EB3A9FE-3740-4B54-A566-310B8D67A791}"
EndProject
Project("{FAE04EC0-301F-11D3-BF4B-00C04F79EFBC}") = "Demo_Singleton", "Demo_Singleton\Demo_Singleton.csproj", "{4222BCF6-1AC0-4651-88A2-F2B687DEDB5F}"
EndProject
Project("{FAE04EC0-301F-11D3-BF4B-00C04F79EFBC}") = "Demo_Sealed_Classes", "Demo_Sealed_Classes\Demo_Sealed_Classes.csproj", "{33FC68E2-11B4-452E-A92B-CF7A6D6AF97B}"
EndProject
Project("{FAE04EC0-301F-11D3-BF4B-00C04F79EFBC}") = "Demo_Properties", "Demo_Properties\Demo_Properties.csproj", "{3FA5E421-B053-4888-B318-97D0DBB3A435}"
EndProject
Project("{FAE04EC0-301F-11D3-BF4B-00C04F79EFBC}") = "Demo_Notepad", "Demo_Notepad\Demo_Notepad.csproj", "{B781A322-2026-438E-99E7-5F36DA27BC7C}"
EndProject
Project("{FAE04EC0-301F-11D3-BF4B-00C04F79EFBC}") = "Demo_File_IO", "Demo_File_IO\Demo_File_IO.csproj", "{868341C1-7D2E-4A9B-9E23-027FFA671C41}"
EndProject
Project("{FAE04EC0-301F-11D3-BF4B-00C04F79EFBC}") = "Demo_BinarySerialization", "Demo_BinarySerialization\Demo_BinarySerialization.csproj", "{1F5CC5C7-5F97-47A1-8C19-0B8B51B166E5}"
EndProject
Project("{FAE04EC0-301F-11D3-BF4B-00C04F79EFBC}") = "Demo_Serialization", "Demo_Serialization\Demo_Serialization.csproj", "{0B83574F-391B-4632-972F-26A6EFAE9D91}"
EndProject
Project("{FAE04EC0-301F-11D3-BF4B-00C04F79EFBC}") = "Demo_Reflection", "Demo_Reflection\Demo_Reflection.csproj", "{E1D8BF3D-E430-46D5-98C1-392CC2F26DBC}"
EndProject
Project("{FAE04EC0-301F-11D3-BF4B-00C04F79EFBC}") = "Demo_MyMath", "Demo_MyMath\Demo_MyMath.csproj", "{0FC1557C-D9C2-4939-803F-CE4C2170C09F}"
EndProject
Project("{FAE04EC0-301F-11D3-BF4B-00C04F79EFBC}") = "Demo_BVSAttribute", "Demo_BVSAttribute\Demo_BVSAttribute.csproj", "{46F2E35F-D9FE-4815-AD78-0C1B1CADF245}"
EndProject
Project("{FAE04EC0-301F-11D3-BF4B-00C04F79EFBC}") = "Demo_MyApplication", "Demo_MyApplication\Demo_MyApplication.csproj", "{99527F70-C4AA-463E-BD5D-60FCDB671469}"
EndProject
Project("{FAE04EC0-301F-11D3-BF4B-00C04F79EFBC}") = "Demo_CustomAttribbutes", "Demo_CustomAttribbutes\Demo_CustomAttribbutes.csproj", "{071F198C-07E1-491B-AC26-F1306BBCE4B7}"
EndProject
Project("{FAE04EC0-301F-11D3-BF4B-00C04F79EFBC}") = "Demo_EmpLib", "Demo_EmpLib\Demo_EmpLib.csproj", "{6D08C048-4EFC-4F4B-AEED-0F8B65AACFB6}"
EndProject
Project("{FAE04EC0-301F-11D3-BF4B-00C04F79EFBC}") = "Demo_MyORM", "Demo_MyORM\Demo_MyORM.csproj", "{67B45C45-0F71-4051-BA80-DB14F2C4743D}"
EndProject
Project("{FAE04EC0-301F-11D3-BF4B-00C04F79EFBC}") = "Demo_CSharpFeatures", "Demo_CSharp_Demos\Demo_CSharpFeatures.csproj", "{DFE32FFF-E1D6-4315-93CD-D11C4CB2FB6F}"
EndProject
Project("{FAE04EC0-301F-11D3-BF4B-00C04F79EFBC}") = "Demo_C_SharpFeatures2", "Demo_C_SharpFeatures2\Demo_C_SharpFeatures2.csproj", "{41052C16-0670-409E-A808-7AEE88FBF419}"
EndProject
Project("{FAE04EC0-301F-11D3-BF4B-00C04F79EFBC}") = "Demo_LINQ_1", "Demo_LINQ_1\Demo_LINQ_1.csproj", "{F52825A2-9645-499C-A1C7-47879FB7D64A}"
EndProject
Project("{FAE04EC0-301F-11D3-BF4B-00C04F79EFBC}") = "Demo_LINQ_2", "Demo_LINQ_2\Demo_LINQ_2.csproj", "{CDECD96E-2B36-40B8-91E8-491ABF1BBD4C}"
EndProject
Project("{FAE04EC0-301F-11D3-BF4B-00C04F79EFBC}") = "Demo_LINQ_3", "Demo_LINQ_3\Demo_LINQ_3.csproj", "{4BC14CE2-70F6-4A1C-8B02-843D3C24A08E}"
EndProject
Project("{FAE04EC0-301F-11D3-BF4B-00C04F79EFBC}") = "Demo_LINQ_4", "Demo_LINQ_4\Demo_LINQ_4.csproj", "{1F2B7F7D-76F5-4CEC-B94F-647B1D54543A}"
EndProject
Project("{FAE04EC0-301F-11D3-BF4B-00C04F79EFBC}") = "LoginApp", "LoginApp\LoginApp.csproj", "{8BEF99BC-AC0E-405D-9204-FCF147E08062}"
EndProject
Project("{FAE04EC0-301F-11D3-BF4B-00C04F79EFBC}") = "Demo_ConnectedAdoNet", "Demo_ConnectedAdoNet\Demo_ConnectedAdoNet.csproj", "{E86D9AD1-0E47-45D5-B409-BD3137FACFF8}"
EndProject
Project("{FAE04EC0-301F-11D3-BF4B-00C04F79EFBC}") = "Demo_ConnectedADO", "Demo_Connected_ADO\Demo_ConnectedADO.csproj", "{F65DF456-C2BD-408E-A6A1-D0B1372E7B48}"
EndProject
Project("{FAE04EC0-301F-11D3-BF4B-00C04F79EFBC}") = "Demo_StoredProcedures", "Demo_StoredProcedures\Demo_StoredProcedures.csproj", "{C3C0D26F-EC6E-4D67-83DA-6A2F65A00CF7}"
EndProject
Project("{FAE04EC0-301F-11D3-BF4B-00C04F79EFBC}") = "Disconnected", "Disconnected\Disconnected.csproj", "{3F5266AB-EA0E-4815-BA07-50DE9647341C}"
EndProject
Project("{FAE04EC0-301F-11D3-BF4B-00C04F79EFBC}") = "Demo_EntityFramewrok", "Demo_EntityFramewrok\Demo_EntityFramewrok.csproj", "{870B2093-61A4-4FB6-BC01-A9BBDACA6A99}"
EndProject
Project("{FAE04EC0-301F-11D3-BF4B-00C04F79EFBC}") = "Demo_ExceptionHandling", "Demo_ExceptionHandling\Demo_ExceptionHandling.csproj", "{F500BC66-C0B5-4273-9E74-55AE6F1CB4D7}"
EndProject
Project("{FAE04EC0-301F-11D3-BF4B-00C04F79EFBC}") = "Demo_GC", "Demo_GC\Demo_GC.csproj", "{B1F80B62-58EA-403E-8D2F-08EA0578B417}"
EndProject
Project("{FAE04EC0-301F-11D3-BF4B-00C04F79EFBC}") = "Demo_Threading1", "Demo_Threading1\Demo_Threading1.csproj", "{86EC2B22-3B9A-426F-9B3A-7BD61C253311}"
EndProject
Project("{FAE04EC0-301F-11D3-BF4B-00C04F79EFBC}") = "Demo_Threading2", "Demo_Threading2\Demo_Threading2.csproj", "{69D40004-AFB1-4A4A-980F-EEA26FCB08F7}"
EndProject
Global
	GlobalSection(SolutionConfigurationPlatforms) = preSolution
		Debug|Any CPU = Debug|Any CPU
		Release|Any CPU = Release|Any CPU
	EndGlobalSection
	GlobalSection(ProjectConfigurationPlatforms) = postSolution
		{388BFED6-86F1-477A-A71B-DCF595CF79E0}.Debug|Any CPU.ActiveCfg = Debug|Any CPU
		{388BFED6-86F1-477A-A71B-DCF595CF79E0}.Debug|Any CPU.Build.0 = Debug|Any CPU
		{388BFED6-86F1-477A-A71B-DCF595CF79E0}.Release|Any CPU.ActiveCfg = Release|Any CPU
		{388BFED6-86F1-477A-A71B-DCF595CF79E0}.Release|Any CPU.Build.0 = Release|Any CPU
		{4EB94443-22A5-4AB0-B311-F624536AA724}.Debug|Any CPU.ActiveCfg = Debug|Any CPU
		{4EB94443-22A5-4AB0-B311-F624536AA724}.Debug|Any CPU.Build.0 = Debug|Any CPU
		{4EB94443-22A5-4AB0-B311-F624536AA724}.Release|Any CPU.ActiveCfg = Release|Any CPU
		{4EB94443-22A5-4AB0-B311-F624536AA724}.Release|Any CPU.Build.0 = Release|Any CPU
		{ED9BC3DD-91AC-45D0-A8BC-0E68FEB60F43}.Debug|Any CPU.ActiveCfg = Debug|Any CPU
		{ED9BC3DD-91AC-45D0-A8BC-0E68FEB60F43}.Debug|Any CPU.Build.0 = Debug|Any CPU
		{ED9BC3DD-91AC-45D0-A8BC-0E68FEB60F43}.Release|Any CPU.ActiveCfg = Release|Any CPU
		{ED9BC3DD-91AC-45D0-A8BC-0E68FEB60F43}.Release|Any CPU.Build.0 = Release|Any CPU
		{1DA935F5-7CFB-4065-8A21-925023FAB7FE}.Debug|Any CPU.ActiveCfg = Debug|Any CPU
		{1DA935F5-7CFB-4065-8A21-925023FAB7FE}.Debug|Any CPU.Build.0 = Debug|Any CPU
		{1DA935F5-7CFB-4065-8A21-925023FAB7FE}.Release|Any CPU.ActiveCfg = Release|Any CPU
		{1DA935F5-7CFB-4065-8A21-925023FAB7FE}.Release|Any CPU.Build.0 = Release|Any CPU
		{899976F9-A022-4A2E-A404-E190A44081D6}.Debug|Any CPU.ActiveCfg = Debug|Any CPU
		{899976F9-A022-4A2E-A404-E190A44081D6}.Debug|Any CPU.Build.0 = Debug|Any CPU
		{899976F9-A022-4A2E-A404-E190A44081D6}.Release|Any CPU.ActiveCfg = Release|Any CPU
		{899976F9-A022-4A2E-A404-E190A44081D6}.Release|Any CPU.Build.0 = Release|Any CPU
		{B9A461B1-49D5-4DE3-8544-D5655A1B1030}.Debug|Any CPU.ActiveCfg = Debug|Any CPU
		{B9A461B1-49D5-4DE3-8544-D5655A1B1030}.Debug|Any CPU.Build.0 = Debug|Any CPU
		{B9A461B1-49D5-4DE3-8544-D5655A1B1030}.Release|Any CPU.ActiveCfg = Release|Any CPU
		{B9A461B1-49D5-4DE3-8544-D5655A1B1030}.Release|Any CPU.Build.0 = Release|Any CPU
		{294E7574-E9E5-436F-8805-694018AACD8C}.Debug|Any CPU.ActiveCfg = Debug|Any CPU
		{294E7574-E9E5-436F-8805-694018AACD8C}.Debug|Any CPU.Build.0 = Debug|Any CPU
		{294E7574-E9E5-436F-8805-694018AACD8C}.Release|Any CPU.ActiveCfg = Release|Any CPU
		{294E7574-E9E5-436F-8805-694018AACD8C}.Release|Any CPU.Build.0 = Release|Any CPU
		{B309EE6B-5243-4EA8-8228-1E0777EAF502}.Debug|Any CPU.ActiveCfg = Debug|Any CPU
		{B309EE6B-5243-4EA8-8228-1E0777EAF502}.Debug|Any CPU.Build.0 = Debug|Any CPU
		{B309EE6B-5243-4EA8-8228-1E0777EAF502}.Release|Any CPU.ActiveCfg = Release|Any CPU
		{B309EE6B-5243-4EA8-8228-1E0777EAF502}.Release|Any CPU.Build.0 = Release|Any CPU
		{5469AC15-B4A3-4F85-A75C-F5552E735BFA}.Debug|Any CPU.ActiveCfg = Debug|Any CPU
		{5469AC15-B4A3-4F85-A75C-F5552E735BFA}.Debug|Any CPU.Build.0 = Debug|Any CPU
		{5469AC15-B4A3-4F85-A75C-F5552E735BFA}.Release|Any CPU.ActiveCfg = Release|Any CPU
		{5469AC15-B4A3-4F85-A75C-F5552E735BFA}.Release|Any CPU.Build.0 = Release|Any CPU
		{1BB37BE7-BCEB-4B7C-9049-27A239B52957}.Debug|Any CPU.ActiveCfg = Debug|Any CPU
		{1BB37BE7-BCEB-4B7C-9049-27A239B52957}.Debug|Any CPU.Build.0 = Debug|Any CPU
		{1BB37BE7-BCEB-4B7C-9049-27A239B52957}.Release|Any CPU.ActiveCfg = Release|Any CPU
		{1BB37BE7-BCEB-4B7C-9049-27A239B52957}.Release|Any CPU.Build.0 = Release|Any CPU
		{3C7A0621-7871-4A8F-AF12-195B1CFF28FD}.Debug|Any CPU.ActiveCfg = Debug|Any CPU
		{3C7A0621-7871-4A8F-AF12-195B1CFF28FD}.Debug|Any CPU.Build.0 = Debug|Any CPU
		{3C7A0621-7871-4A8F-AF12-195B1CFF28FD}.Release|Any CPU.ActiveCfg = Release|Any CPU
		{3C7A0621-7871-4A8F-AF12-195B1CFF28FD}.Release|Any CPU.Build.0 = Release|Any CPU
		{FD41FB2E-C54D-4909-B632-AE3F08F141D6}.Debug|Any CPU.ActiveCfg = Debug|Any CPU
		{FD41FB2E-C54D-4909-B632-AE3F08F141D6}.Debug|Any CPU.Build.0 = Debug|Any CPU
		{FD41FB2E-C54D-4909-B632-AE3F08F141D6}.Release|Any CPU.ActiveCfg = Release|Any CPU
		{FD41FB2E-C54D-4909-B632-AE3F08F141D6}.Release|Any CPU.Build.0 = Release|Any CPU
		{6AE7FF31-C71C-461B-B171-EC8B478B6244}.Debug|Any CPU.ActiveCfg = Debug|Any CPU
		{6AE7FF31-C71C-461B-B171-EC8B478B6244}.Debug|Any CPU.Build.0 = Debug|Any CPU
		{6AE7FF31-C71C-461B-B171-EC8B478B6244}.Release|Any CPU.ActiveCfg = Release|Any CPU
		{6AE7FF31-C71C-461B-B171-EC8B478B6244}.Release|Any CPU.Build.0 = Release|Any CPU
		{42C70802-6D10-4911-ACAA-1FE162845560}.Debug|Any CPU.ActiveCfg = Debug|Any CPU
		{42C70802-6D10-4911-ACAA-1FE162845560}.Debug|Any CPU.Build.0 = Debug|Any CPU
		{42C70802-6D10-4911-ACAA-1FE162845560}.Release|Any CPU.ActiveCfg = Release|Any CPU
		{42C70802-6D10-4911-ACAA-1FE162845560}.Release|Any CPU.Build.0 = Release|Any CPU
		{AC66CE73-3D5A-4343-8F14-E646EC9B07D9}.Debug|Any CPU.ActiveCfg = Debug|Any CPU
		{AC66CE73-3D5A-4343-8F14-E646EC9B07D9}.Debug|Any CPU.Build.0 = Debug|Any CPU
		{AC66CE73-3D5A-4343-8F14-E646EC9B07D9}.Release|Any CPU.ActiveCfg = Release|Any CPU
		{AC66CE73-3D5A-4343-8F14-E646EC9B07D9}.Release|Any CPU.Build.0 = Release|Any CPU
		{630E773B-E5E3-44BD-B07E-A5DF24B94E10}.Debug|Any CPU.ActiveCfg = Debug|Any CPU
		{630E773B-E5E3-44BD-B07E-A5DF24B94E10}.Debug|Any CPU.Build.0 = Debug|Any CPU
		{630E773B-E5E3-44BD-B07E-A5DF24B94E10}.Release|Any CPU.ActiveCfg = Release|Any CPU
		{630E773B-E5E3-44BD-B07E-A5DF24B94E10}.Release|Any CPU.Build.0 = Release|Any CPU
		{428CB417-00D9-4F87-94D7-15834429E66F}.Debug|Any CPU.ActiveCfg = Debug|Any CPU
		{428CB417-00D9-4F87-94D7-15834429E66F}.Debug|Any CPU.Build.0 = Debug|Any CPU
		{428CB417-00D9-4F87-94D7-15834429E66F}.Release|Any CPU.ActiveCfg = Release|Any CPU
		{428CB417-00D9-4F87-94D7-15834429E66F}.Release|Any CPU.Build.0 = Release|Any CPU
		{78A96BEF-B7B7-4A75-870D-FDBCAB396B12}.Debug|Any CPU.ActiveCfg = Debug|Any CPU
		{78A96BEF-B7B7-4A75-870D-FDBCAB396B12}.Debug|Any CPU.Build.0 = Debug|Any CPU
		{78A96BEF-B7B7-4A75-870D-FDBCAB396B12}.Release|Any CPU.ActiveCfg = Release|Any CPU
		{78A96BEF-B7B7-4A75-870D-FDBCAB396B12}.Release|Any CPU.Build.0 = Release|Any CPU
		{0E8464C7-4191-42DF-B8F5-94C41244C593}.Debug|Any CPU.ActiveCfg = Debug|Any CPU
		{0E8464C7-4191-42DF-B8F5-94C41244C593}.Debug|Any CPU.Build.0 = Debug|Any CPU
		{0E8464C7-4191-42DF-B8F5-94C41244C593}.Release|Any CPU.ActiveCfg = Release|Any CPU
		{0E8464C7-4191-42DF-B8F5-94C41244C593}.Release|Any CPU.Build.0 = Release|Any CPU
		{9EB3A9FE-3740-4B54-A566-310B8D67A791}.Debug|Any CPU.ActiveCfg = Debug|Any CPU
		{9EB3A9FE-3740-4B54-A566-310B8D67A791}.Debug|Any CPU.Build.0 = Debug|Any CPU
		{9EB3A9FE-3740-4B54-A566-310B8D67A791}.Release|Any CPU.ActiveCfg = Release|Any CPU
		{9EB3A9FE-3740-4B54-A566-310B8D67A791}.Release|Any CPU.Build.0 = Release|Any CPU
		{4222BCF6-1AC0-4651-88A2-F2B687DEDB5F}.Debug|Any CPU.ActiveCfg = Debug|Any CPU
		{4222BCF6-1AC0-4651-88A2-F2B687DEDB5F}.Debug|Any CPU.Build.0 = Debug|Any CPU
		{4222BCF6-1AC0-4651-88A2-F2B687DEDB5F}.Release|Any CPU.ActiveCfg = Release|Any CPU
		{4222BCF6-1AC0-4651-88A2-F2B687DEDB5F}.Release|Any CPU.Build.0 = Release|Any CPU
		{33FC68E2-11B4-452E-A92B-CF7A6D6AF97B}.Debug|Any CPU.ActiveCfg = Debug|Any CPU
		{33FC68E2-11B4-452E-A92B-CF7A6D6AF97B}.Debug|Any CPU.Build.0 = Debug|Any CPU
		{33FC68E2-11B4-452E-A92B-CF7A6D6AF97B}.Release|Any CPU.ActiveCfg = Release|Any CPU
		{33FC68E2-11B4-452E-A92B-CF7A6D6AF97B}.Release|Any CPU.Build.0 = Release|Any CPU
		{3FA5E421-B053-4888-B318-97D0DBB3A435}.Debug|Any CPU.ActiveCfg = Debug|Any CPU
		{3FA5E421-B053-4888-B318-97D0DBB3A435}.Debug|Any CPU.Build.0 = Debug|Any CPU
		{3FA5E421-B053-4888-B318-97D0DBB3A435}.Release|Any CPU.ActiveCfg = Release|Any CPU
		{3FA5E421-B053-4888-B318-97D0DBB3A435}.Release|Any CPU.Build.0 = Release|Any CPU
		{B781A322-2026-438E-99E7-5F36DA27BC7C}.Debug|Any CPU.ActiveCfg = Debug|Any CPU
		{B781A322-2026-438E-99E7-5F36DA27BC7C}.Debug|Any CPU.Build.0 = Debug|Any CPU
		{B781A322-2026-438E-99E7-5F36DA27BC7C}.Release|Any CPU.ActiveCfg = Release|Any CPU
		{B781A322-2026-438E-99E7-5F36DA27BC7C}.Release|Any CPU.Build.0 = Release|Any CPU
		{868341C1-7D2E-4A9B-9E23-027FFA671C41}.Debug|Any CPU.ActiveCfg = Debug|Any CPU
		{868341C1-7D2E-4A9B-9E23-027FFA671C41}.Debug|Any CPU.Build.0 = Debug|Any CPU
		{868341C1-7D2E-4A9B-9E23-027FFA671C41}.Release|Any CPU.ActiveCfg = Release|Any CPU
		{868341C1-7D2E-4A9B-9E23-027FFA671C41}.Release|Any CPU.Build.0 = Release|Any CPU
		{1F5CC5C7-5F97-47A1-8C19-0B8B51B166E5}.Debug|Any CPU.ActiveCfg = Debug|Any CPU
		{1F5CC5C7-5F97-47A1-8C19-0B8B51B166E5}.Debug|Any CPU.Build.0 = Debug|Any CPU
		{1F5CC5C7-5F97-47A1-8C19-0B8B51B166E5}.Release|Any CPU.ActiveCfg = Release|Any CPU
		{1F5CC5C7-5F97-47A1-8C19-0B8B51B166E5}.Release|Any CPU.Build.0 = Release|Any CPU
		{0B83574F-391B-4632-972F-26A6EFAE9D91}.Debug|Any CPU.ActiveCfg = Debug|Any CPU
		{0B83574F-391B-4632-972F-26A6EFAE9D91}.Debug|Any CPU.Build.0 = Debug|Any CPU
		{0B83574F-391B-4632-972F-26A6EFAE9D91}.Release|Any CPU.ActiveCfg = Release|Any CPU
		{0B83574F-391B-4632-972F-26A6EFAE9D91}.Release|Any CPU.Build.0 = Release|Any CPU
		{E1D8BF3D-E430-46D5-98C1-392CC2F26DBC}.Debug|Any CPU.ActiveCfg = Debug|Any CPU
		{E1D8BF3D-E430-46D5-98C1-392CC2F26DBC}.Debug|Any CPU.Build.0 = Debug|Any CPU
		{E1D8BF3D-E430-46D5-98C1-392CC2F26DBC}.Release|Any CPU.ActiveCfg = Release|Any CPU
		{E1D8BF3D-E430-46D5-98C1-392CC2F26DBC}.Release|Any CPU.Build.0 = Release|Any CPU
		{0FC1557C-D9C2-4939-803F-CE4C2170C09F}.Debug|Any CPU.ActiveCfg = Debug|Any CPU
		{0FC1557C-D9C2-4939-803F-CE4C2170C09F}.Debug|Any CPU.Build.0 = Debug|Any CPU
		{0FC1557C-D9C2-4939-803F-CE4C2170C09F}.Release|Any CPU.ActiveCfg = Release|Any CPU
		{0FC1557C-D9C2-4939-803F-CE4C2170C09F}.Release|Any CPU.Build.0 = Release|Any CPU
		{46F2E35F-D9FE-4815-AD78-0C1B1CADF245}.Debug|Any CPU.ActiveCfg = Debug|Any CPU
		{46F2E35F-D9FE-4815-AD78-0C1B1CADF245}.Debug|Any CPU.Build.0 = Debug|Any CPU
		{46F2E35F-D9FE-4815-AD78-0C1B1CADF245}.Release|Any CPU.ActiveCfg = Release|Any CPU
		{46F2E35F-D9FE-4815-AD78-0C1B1CADF245}.Release|Any CPU.Build.0 = Release|Any CPU
		{99527F70-C4AA-463E-BD5D-60FCDB671469}.Debug|Any CPU.ActiveCfg = Debug|Any CPU
		{99527F70-C4AA-463E-BD5D-60FCDB671469}.Debug|Any CPU.Build.0 = Debug|Any CPU
		{99527F70-C4AA-463E-BD5D-60FCDB671469}.Release|Any CPU.ActiveCfg = Release|Any CPU
		{99527F70-C4AA-463E-BD5D-60FCDB671469}.Release|Any CPU.Build.0 = Release|Any CPU
		{071F198C-07E1-491B-AC26-F1306BBCE4B7}.Debug|Any CPU.ActiveCfg = Debug|Any CPU
		{071F198C-07E1-491B-AC26-F1306BBCE4B7}.Debug|Any CPU.Build.0 = Debug|Any CPU
		{071F198C-07E1-491B-AC26-F1306BBCE4B7}.Release|Any CPU.ActiveCfg = Release|Any CPU
		{071F198C-07E1-491B-AC26-F1306BBCE4B7}.Release|Any CPU.Build.0 = Release|Any CPU
		{6D08C048-4EFC-4F4B-AEED-0F8B65AACFB6}.Debug|Any CPU.ActiveCfg = Debug|Any CPU
		{6D08C048-4EFC-4F4B-AEED-0F8B65AACFB6}.Debug|Any CPU.Build.0 = Debug|Any CPU
		{6D08C048-4EFC-4F4B-AEED-0F8B65AACFB6}.Release|Any CPU.ActiveCfg = Release|Any CPU
		{6D08C048-4EFC-4F4B-AEED-0F8B65AACFB6}.Release|Any CPU.Build.0 = Release|Any CPU
		{67B45C45-0F71-4051-BA80-DB14F2C4743D}.Debug|Any CPU.ActiveCfg = Debug|Any CPU
		{67B45C45-0F71-4051-BA80-DB14F2C4743D}.Debug|Any CPU.Build.0 = Debug|Any CPU
		{67B45C45-0F71-4051-BA80-DB14F2C4743D}.Release|Any CPU.ActiveCfg = Release|Any CPU
		{67B45C45-0F71-4051-BA80-DB14F2C4743D}.Release|Any CPU.Build.0 = Release|Any CPU
		{DFE32FFF-E1D6-4315-93CD-D11C4CB2FB6F}.Debug|Any CPU.ActiveCfg = Debug|Any CPU
		{DFE32FFF-E1D6-4315-93CD-D11C4CB2FB6F}.Debug|Any CPU.Build.0 = Debug|Any CPU
		{DFE32FFF-E1D6-4315-93CD-D11C4CB2FB6F}.Release|Any CPU.ActiveCfg = Release|Any CPU
		{DFE32FFF-E1D6-4315-93CD-D11C4CB2FB6F}.Release|Any CPU.Build.0 = Release|Any CPU
		{41052C16-0670-409E-A808-7AEE88FBF419}.Debug|Any CPU.ActiveCfg = Debug|Any CPU
		{41052C16-0670-409E-A808-7AEE88FBF419}.Debug|Any CPU.Build.0 = Debug|Any CPU
		{41052C16-0670-409E-A808-7AEE88FBF419}.Release|Any CPU.ActiveCfg = Release|Any CPU
		{41052C16-0670-409E-A808-7AEE88FBF419}.Release|Any CPU.Build.0 = Release|Any CPU
		{F52825A2-9645-499C-A1C7-47879FB7D64A}.Debug|Any CPU.ActiveCfg = Debug|Any CPU
		{F52825A2-9645-499C-A1C7-47879FB7D64A}.Debug|Any CPU.Build.0 = Debug|Any CPU
		{F52825A2-9645-499C-A1C7-47879FB7D64A}.Release|Any CPU.ActiveCfg = Release|Any CPU
		{F52825A2-9645-499C-A1C7-47879FB7D64A}.Release|Any CPU.Build.0 = Release|Any CPU
		{CDECD96E-2B36-40B8-91E8-491ABF1BBD4C}.Debug|Any CPU.ActiveCfg = Debug|Any CPU
		{CDECD96E-2B36-40B8-91E8-491ABF1BBD4C}.Debug|Any CPU.Build.0 = Debug|Any CPU
		{CDECD96E-2B36-40B8-91E8-491ABF1BBD4C}.Release|Any CPU.ActiveCfg = Release|Any CPU
		{CDECD96E-2B36-40B8-91E8-491ABF1BBD4C}.Release|Any CPU.Build.0 = Release|Any CPU
		{4BC14CE2-70F6-4A1C-8B02-843D3C24A08E}.Debug|Any CPU.ActiveCfg = Debug|Any CPU
		{4BC14CE2-70F6-4A1C-8B02-843D3C24A08E}.Debug|Any CPU.Build.0 = Debug|Any CPU
		{4BC14CE2-70F6-4A1C-8B02-843D3C24A08E}.Release|Any CPU.ActiveCfg = Release|Any CPU
		{4BC14CE2-70F6-4A1C-8B02-843D3C24A08E}.Release|Any CPU.Build.0 = Release|Any CPU
		{1F2B7F7D-76F5-4CEC-B94F-647B1D54543A}.Debug|Any CPU.ActiveCfg = Debug|Any CPU
		{1F2B7F7D-76F5-4CEC-B94F-647B1D54543A}.Debug|Any CPU.Build.0 = Debug|Any CPU
		{1F2B7F7D-76F5-4CEC-B94F-647B1D54543A}.Release|Any CPU.ActiveCfg = Release|Any CPU
		{1F2B7F7D-76F5-4CEC-B94F-647B1D54543A}.Release|Any CPU.Build.0 = Release|Any CPU
		{8BEF99BC-AC0E-405D-9204-FCF147E08062}.Debug|Any CPU.ActiveCfg = Debug|Any CPU
		{8BEF99BC-AC0E-405D-9204-FCF147E08062}.Debug|Any CPU.Build.0 = Debug|Any CPU
		{8BEF99BC-AC0E-405D-9204-FCF147E08062}.Release|Any CPU.ActiveCfg = Release|Any CPU
		{8BEF99BC-AC0E-405D-9204-FCF147E08062}.Release|Any CPU.Build.0 = Release|Any CPU
		{E86D9AD1-0E47-45D5-B409-BD3137FACFF8}.Debug|Any CPU.ActiveCfg = Debug|Any CPU
		{E86D9AD1-0E47-45D5-B409-BD3137FACFF8}.Debug|Any CPU.Build.0 = Debug|Any CPU
		{E86D9AD1-0E47-45D5-B409-BD3137FACFF8}.Release|Any CPU.ActiveCfg = Release|Any CPU
		{E86D9AD1-0E47-45D5-B409-BD3137FACFF8}.Release|Any CPU.Build.0 = Release|Any CPU
		{F65DF456-C2BD-408E-A6A1-D0B1372E7B48}.Debug|Any CPU.ActiveCfg = Debug|Any CPU
		{F65DF456-C2BD-408E-A6A1-D0B1372E7B48}.Debug|Any CPU.Build.0 = Debug|Any CPU
		{F65DF456-C2BD-408E-A6A1-D0B1372E7B48}.Release|Any CPU.ActiveCfg = Release|Any CPU
		{F65DF456-C2BD-408E-A6A1-D0B1372E7B48}.Release|Any CPU.Build.0 = Release|Any CPU
		{C3C0D26F-EC6E-4D67-83DA-6A2F65A00CF7}.Debug|Any CPU.ActiveCfg = Debug|Any CPU
		{C3C0D26F-EC6E-4D67-83DA-6A2F65A00CF7}.Debug|Any CPU.Build.0 = Debug|Any CPU
		{C3C0D26F-EC6E-4D67-83DA-6A2F65A00CF7}.Release|Any CPU.ActiveCfg = Release|Any CPU
		{C3C0D26F-EC6E-4D67-83DA-6A2F65A00CF7}.Release|Any CPU.Build.0 = Release|Any CPU
		{3F5266AB-EA0E-4815-BA07-50DE9647341C}.Debug|Any CPU.ActiveCfg = Debug|Any CPU
		{3F5266AB-EA0E-4815-BA07-50DE9647341C}.Debug|Any CPU.Build.0 = Debug|Any CPU
		{3F5266AB-EA0E-4815-BA07-50DE9647341C}.Release|Any CPU.ActiveCfg = Release|Any CPU
		{3F5266AB-EA0E-4815-BA07-50DE9647341C}.Release|Any CPU.Build.0 = Release|Any CPU
		{870B2093-61A4-4FB6-BC01-A9BBDACA6A99}.Debug|Any CPU.ActiveCfg = Debug|Any CPU
		{870B2093-61A4-4FB6-BC01-A9BBDACA6A99}.Debug|Any CPU.Build.0 = Debug|Any CPU
		{870B2093-61A4-4FB6-BC01-A9BBDACA6A99}.Release|Any CPU.ActiveCfg = Release|Any CPU
		{870B2093-61A4-4FB6-BC01-A9BBDACA6A99}.Release|Any CPU.Build.0 = Release|Any CPU
		{F500BC66-C0B5-4273-9E74-55AE6F1CB4D7}.Debug|Any CPU.ActiveCfg = Debug|Any CPU
		{F500BC66-C0B5-4273-9E74-55AE6F1CB4D7}.Debug|Any CPU.Build.0 = Debug|Any CPU
		{F500BC66-C0B5-4273-9E74-55AE6F1CB4D7}.Release|Any CPU.ActiveCfg = Release|Any CPU
		{F500BC66-C0B5-4273-9E74-55AE6F1CB4D7}.Release|Any CPU.Build.0 = Release|Any CPU
		{B1F80B62-58EA-403E-8D2F-08EA0578B417}.Debug|Any CPU.ActiveCfg = Debug|Any CPU
		{B1F80B62-58EA-403E-8D2F-08EA0578B417}.Debug|Any CPU.Build.0 = Debug|Any CPU
		{B1F80B62-58EA-403E-8D2F-08EA0578B417}.Release|Any CPU.ActiveCfg = Release|Any CPU
		{B1F80B62-58EA-403E-8D2F-08EA0578B417}.Release|Any CPU.Build.0 = Release|Any CPU
		{86EC2B22-3B9A-426F-9B3A-7BD61C253311}.Debug|Any CPU.ActiveCfg = Debug|Any CPU
		{86EC2B22-3B9A-426F-9B3A-7BD61C253311}.Debug|Any CPU.Build.0 = Debug|Any CPU
		{86EC2B22-3B9A-426F-9B3A-7BD61C253311}.Release|Any CPU.ActiveCfg = Release|Any CPU
		{86EC2B22-3B9A-426F-9B3A-7BD61C253311}.Release|Any CPU.Build.0 = Release|Any CPU
		{69D40004-AFB1-4A4A-980F-EEA26FCB08F7}.Debug|Any CPU.ActiveCfg = Debug|Any CPU
		{69D40004-AFB1-4A4A-980F-EEA26FCB08F7}.Debug|Any CPU.Build.0 = Debug|Any CPU
		{69D40004-AFB1-4A4A-980F-EEA26FCB08F7}.Release|Any CPU.ActiveCfg = Release|Any CPU
		{69D40004-AFB1-4A4A-980F-EEA26FCB08F7}.Release|Any CPU.Build.0 = Release|Any CPU
	EndGlobalSection
	GlobalSection(SolutionProperties) = preSolution
		HideSolutionNode = FALSE
	EndGlobalSection
	GlobalSection(ExtensibilityGlobals) = postSolution
		SolutionGuid = {72F5F066-05A2-4B90-A357-3FE79F39DCC6}
	EndGlobalSection
EndGlobal
